
Microsoft Visual Studio Solution File, Format Version 12.00
# Visual Studio 15
VisualStudioVersion = 15.0.27428.2037
MinimumVisualStudioVersion = 10.0.40219.1
Project("{FAE04EC0-301F-11D3-BF4B-00C04F79EFBC}") = "WhereToBuy", "WhereToBuy\WhereToBuy.csproj", "{65E256A0-9E87-42C0-8446-6CA068E213CE}"
EndProject
Global
	GlobalSection(SolutionConfigurationPlatforms) = preSolution
		Debug|Any CPU = Debug|Any CPU
		Release|Any CPU = Release|Any CPU
	EndGlobalSection
	GlobalSection(ProjectConfigurationPlatforms) = postSolution
		{65E256A0-9E87-42C0-8446-6CA068E213CE}.Debug|Any CPU.ActiveCfg = Debug|Any CPU
		{65E256A0-9E87-42C0-8446-6CA068E213CE}.Debug|Any CPU.Build.0 = Debug|Any CPU
		{65E256A0-9E87-42C0-8446-6CA068E213CE}.Release|Any CPU.ActiveCfg = Release|Any CPU
		{65E256A0-9E87-42C0-8446-6CA068E213CE}.Release|Any CPU.Build.0 = Release|Any CPU
	EndGlobalSection
	GlobalSection(SolutionProperties) = preSolution
		HideSolutionNode = FALSE
	EndGlobalSection
	GlobalSection(ExtensibilityGlobals) = postSolution
		SolutionGuid = {1EB2CA6E-6E76-4953-B411-DC53BEBF6FBE}
	EndGlobalSection
EndGlobal
